{
  "name": "assemblyscript-wasm-4-envoy",
  "version": "1.0.0",
  "lockfileVersion": 2,
  "requires": true,
  "packages": {
    "": {
      "version": "1.0.0",
      "license": "ISC",
      "dependencies": {
        "@assemblyscript/loader": "^0.18.12"
      },
      "devDependencies": {
        "@solo-io/proxy-runtime": "^0.1.1",
        "assemblyscript": "^0.18.12"
      }
    },
    "node_modules/@assemblyscript/loader": {
      "version": "0.18.12",
      "resolved": "https://registry.npm.taobao.org/@assemblyscript/loader/download/@assemblyscript/loader-0.18.12.tgz",
      "integrity": "sha1-+gUZna4opGRstntrIhXfYjvaND0="
    },
    "node_modules/@solo-io/proxy-runtime": {
      "version": "0.1.8",
      "resolved": "https://registry.npm.taobao.org/@solo-io/proxy-runtime/download/@solo-io/proxy-runtime-0.1.8.tgz",
      "integrity": "sha1-VM6RPmDbEHPD+JG7OqTZ2vIGyPE=",
      "dev": true
    },
    "node_modules/assemblyscript": {
      "version": "0.18.12",
      "resolved": "https://registry.npm.taobao.org/assemblyscript/download/assemblyscript-0.18.12.tgz",
      "integrity": "sha1-L9cGxCe8iVPe671rUtnio1UqF5w=",
      "dev": true,
      "dependencies": {
        "binaryen": "98.0.0-nightly.20210106",
        "long": "^4.0.0"
      },
      "bin": {
        "asc": "bin/asc",
        "asinit": "bin/asinit"
      }
    },
    "node_modules/binaryen": {
      "version": "98.0.0-nightly.20210106",
      "resolved": "https://registry.npm.taobao.org/binaryen/download/binaryen-98.0.0-nightly.20210106.tgz",
      "integrity": "sha1-x7xjfiIjqDvzyunZiWn1ae+rQGI=",
      "dev": true,
      "bin": {
        "wasm-opt": "bin/wasm-opt"
      }
    },
    "node_modules/long": {
      "version": "4.0.0",
      "resolved": "https://registry.npm.taobao.org/long/download/long-4.0.0.tgz",
      "integrity": "sha1-mntxz7fTYaGU6lVSQckvdGjVvyg=",
      "dev": true
    }
  },
  "dependencies": {
    "@assemblyscript/loader": {
      "version": "0.18.12",
      "resolved": "https://registry.npm.taobao.org/@assemblyscript/loader/download/@assemblyscript/loader-0.18.12.tgz",
      "integrity": "sha1-+gUZna4opGRstntrIhXfYjvaND0="
    },
    "@solo-io/proxy-runtime": {
      "version": "0.1.8",
      "resolved": "https://registry.npm.taobao.org/@solo-io/proxy-runtime/download/@solo-io/proxy-runtime-0.1.8.tgz",
      "integrity": "sha1-VM6RPmDbEHPD+JG7OqTZ2vIGyPE=",
      "dev": true
    },
    "assemblyscript": {
      "version": "0.18.12",
      "resolved": "https://registry.npm.taobao.org/assemblyscript/download/assemblyscript-0.18.12.tgz",
      "integrity": "sha1-L9cGxCe8iVPe671rUtnio1UqF5w=",
      "dev": true,
      "requires": {
        "binaryen": "98.0.0-nightly.20210106",
        "long": "^4.0.0"
      }
    },
    "binaryen": {
      "version": "98.0.0-nightly.20210106",
      "resolved": "https://registry.npm.taobao.org/binaryen/download/binaryen-98.0.0-nightly.20210106.tgz",
      "integrity": "sha1-x7xjfiIjqDvzyunZiWn1ae+rQGI=",
      "dev": true
    },
    "long": {
      "version": "4.0.0",
      "resolved": "https://registry.npm.taobao.org/long/download/long-4.0.0.tgz",
      "integrity": "sha1-mntxz7fTYaGU6lVSQckvdGjVvyg=",
      "dev": true
    }
  }
}
